{
  "name": "anthropic-tickler",
  "version": "0.1.0",
  "lockfileVersion": 3,
  "requires": true,
  "packages": {
    "": {
      "name": "anthropic-tickler",
      "version": "0.1.0",
      "dependencies": {
        "@anthropic-ai/sdk": "^0.54.0"
      },
      "engines": {
        "node": ">=20"
      }
    },
    "node_modules/@anthropic-ai/sdk": {
      "version": "0.54.0",
      "resolved": "https://registry.npmjs.org/@anthropic-ai/sdk/-/sdk-0.54.0.tgz",
      "integrity": "sha512-xyoCtHJnt/qg5GG6IgK+UJEndz8h8ljzt/caKXmq3LfBF81nC/BW6E4x2rOWCZcvsLyVW+e8U5mtIr6UCE/kJw==",
      "license": "MIT",
      "bin": {
        "anthropic-ai-sdk": "bin/cli"
      }
    }
  }
}
